
Microsoft Visual Studio Solution File, Format Version 12.00
# Visual Studio 15
VisualStudioVersion = 15.0.28010.2041
MinimumVisualStudioVersion = 10.0.40219.1
Project("{9092AA53-FB77-4645-B42D-1CCCA6BD08BD}") = "MailQueue", "MailQueue.njsproj", "{904CEEDD-0F64-4A0F-86B9-5867CC10E916}"
EndProject
Global
	GlobalSection(SolutionConfigurationPlatforms) = preSolution
		Debug|Any CPU = Debug|Any CPU
		Release|Any CPU = Release|Any CPU
	EndGlobalSection
	GlobalSection(ProjectConfigurationPlatforms) = postSolution
		{904CEEDD-0F64-4A0F-86B9-5867CC10E916}.Debug|Any CPU.ActiveCfg = Debug|Any CPU
		{904CEEDD-0F64-4A0F-86B9-5867CC10E916}.Debug|Any CPU.Build.0 = Debug|Any CPU
		{904CEEDD-0F64-4A0F-86B9-5867CC10E916}.Release|Any CPU.ActiveCfg = Release|Any CPU
		{904CEEDD-0F64-4A0F-86B9-5867CC10E916}.Release|Any CPU.Build.0 = Release|Any CPU
	EndGlobalSection
	GlobalSection(SolutionProperties) = preSolution
		HideSolutionNode = FALSE
	EndGlobalSection
	GlobalSection(ExtensibilityGlobals) = postSolution
		SolutionGuid = {884159C8-E19F-4908-9E25-E7D8F67B335C}
	EndGlobalSection
EndGlobal
